
Microsoft Visual Studio Solution File, Format Version 12.00
# Visual Studio Version 16
VisualStudioVersion = 16.0.30907.101
MinimumVisualStudioVersion = 10.0.40219.1
Project("{888888A0-9F3D-457C-B088-3A5042F75D52}") = "crazy_dance", "crazy_dance.pyproj", "{E87FA16C-126A-49DB-AFC6-0640C4872C85}"
EndProject
Global
	GlobalSection(SolutionConfigurationPlatforms) = preSolution
		Debug|Any CPU = Debug|Any CPU
		Release|Any CPU = Release|Any CPU
	EndGlobalSection
	GlobalSection(ProjectConfigurationPlatforms) = postSolution
		{E87FA16C-126A-49DB-AFC6-0640C4872C85}.Debug|Any CPU.ActiveCfg = Debug|Any CPU
		{E87FA16C-126A-49DB-AFC6-0640C4872C85}.Release|Any CPU.ActiveCfg = Release|Any CPU
	EndGlobalSection
	GlobalSection(SolutionProperties) = preSolution
		HideSolutionNode = FALSE
	EndGlobalSection
	GlobalSection(ExtensibilityGlobals) = postSolution
		SolutionGuid = {F550782B-270C-4748-ABEE-4CC1DCEE63ED}
	EndGlobalSection
EndGlobal
